<Solution>
  <Folder Name="/Aspire/">
    <Project Path="src/AlCopilot.Orchestration/AlCopilot.Orchestration.csproj" />
    <Project Path="src/AlCopilot.Migrator/AlCopilot.Migrator.csproj" />
  </Folder>
  <Folder Name="/Modules/">
    <Project Path="src/Modules/AlCopilot.CustomerProfile/AlCopilot.CustomerProfile.csproj" />
    <Project Path="src/Modules/AlCopilot.CustomerProfile.Contracts/AlCopilot.CustomerProfile.Contracts.csproj" />
    <Project Path="src/Modules/AlCopilot.DrinkCatalog/AlCopilot.DrinkCatalog.csproj" />
    <Project Path="src/Modules/AlCopilot.DrinkCatalog.Contracts/AlCopilot.DrinkCatalog.Contracts.csproj" />
    <Project Path="src/Modules/AlCopilot.Recommendation/AlCopilot.Recommendation.csproj" />
    <Project Path="src/Modules/AlCopilot.Recommendation.Contracts/AlCopilot.Recommendation.Contracts.csproj" />
  </Folder>
  <Folder Name="/Shared/">
    <Project Path="src/AlCopilot.ServiceDefaults/AlCopilot.ServiceDefaults.csproj" />
    <Project Path="src/AlCopilot.Shared/AlCopilot.Shared.csproj" />
  </Folder>
  <Project Path="src/AlCopilot.Host/AlCopilot.Host.csproj" />
  <Folder Name="/Tests/">
    <Project Path="tests/AlCopilot.Host.Tests/AlCopilot.Host.Tests.csproj" />
    <Project Path="tests/AlCopilot.Architecture.Tests/AlCopilot.Architecture.Tests.csproj" />
    <Project Path="tests/AlCopilot.CustomerProfile.Tests/AlCopilot.CustomerProfile.Tests.csproj" />
    <Project Path="tests/AlCopilot.DrinkCatalog.Tests/AlCopilot.DrinkCatalog.Tests.csproj" />
    <Project Path="tests/AlCopilot.Recommendation.Tests/AlCopilot.Recommendation.Tests.csproj" />
    <Project Path="tests/AlCopilot.Testing.Shared/AlCopilot.Testing.Shared.csproj" />
  </Folder>
</Solution>
